
Microsoft Visual Studio Solution File, Format Version 12.00
# Visual Studio Version 17
VisualStudioVersion = 17.8.34322.80
MinimumVisualStudioVersion = 10.0.40219.1
Project("{FAE04EC0-301F-11D3-BF4B-00C04F79EFBC}") = "KontrolaFiltru", "KontrolaFiltru\KontrolaFiltru.csproj", "{329A3DB9-4636-4728-978A-3438C6F0A438}"
EndProject
Global
	GlobalSection(SolutionConfigurationPlatforms) = preSolution
		Debug|Any CPU = Debug|Any CPU
		Release|Any CPU = Release|Any CPU
	EndGlobalSection
	GlobalSection(ProjectConfigurationPlatforms) = postSolution
		{329A3DB9-4636-4728-978A-3438C6F0A438}.Debug|Any CPU.ActiveCfg = Debug|Any CPU
		{329A3DB9-4636-4728-978A-3438C6F0A438}.Debug|Any CPU.Build.0 = Debug|Any CPU
		{329A3DB9-4636-4728-978A-3438C6F0A438}.Release|Any CPU.ActiveCfg = Release|Any CPU
		{329A3DB9-4636-4728-978A-3438C6F0A438}.Release|Any CPU.Build.0 = Release|Any CPU
	EndGlobalSection
	GlobalSection(SolutionProperties) = preSolution
		HideSolutionNode = FALSE
	EndGlobalSection
	GlobalSection(ExtensibilityGlobals) = postSolution
		SolutionGuid = {83F55325-611E-48B7-BDA5-A800872A94AD}
	EndGlobalSection
EndGlobal
